{
  "name": "@ly/fabriceditor",
  "version": "1.0.0",
  "lockfileVersion": 3,
  "requires": true,
  "packages": {
    "": {
      "name": "@ly/fabriceditor",
      "version": "1.0.0",
      "license": "ISC",
      "dependencies": {
        "events": "^3.3.0",
        "hotkeys-js": "^3.13.7",
        "tapable": "^2.2.1"
      },
      "devDependencies": {
        "@types/node": "^22.8.2"
      }
    },
    "../../node_modules/.pnpm/events@3.3.0/node_modules/events": {
      "version": "3.3.0",
      "license": "MIT",
      "devDependencies": {
        "airtap": "^1.0.0",
        "functions-have-names": "^1.2.1",
        "has": "^1.0.3",
        "has-symbols": "^1.0.1",
        "isarray": "^2.0.5",
        "tape": "^5.0.0"
      },
      "engines": {
        "node": ">=0.8.x"
      }
    },
    "../../node_modules/.pnpm/hotkeys-js@3.13.7/node_modules/hotkeys-js": {
      "version": "3.13.7",
      "license": "MIT",
      "funding": {
        "url": "https://jaywcjlove.github.io/#/sponsor"
      }
    },
    "../../node_modules/.pnpm/tapable@2.2.1/node_modules/tapable": {
      "version": "2.2.1",
      "license": "MIT",
      "devDependencies": {
        "@babel/core": "^7.4.4",
        "@babel/preset-env": "^7.4.4",
        "babel-jest": "^24.8.0",
        "codecov": "^3.5.0",
        "jest": "^24.8.0",
        "prettier": "^1.17.1"
      },
      "engines": {
        "node": ">=6"
      }
    },
    "node_modules/@types/node": {
      "version": "22.8.2",
      "resolved": "https://registry.npmjs.org/@types/node/-/node-22.8.2.tgz",
      "integrity": "sha512-NzaRNFV+FZkvK/KLCsNdTvID0SThyrs5SHB6tsD/lajr22FGC73N2QeDPM2wHtVde8mgcXuSsHQkH5cX1pbPLw==",
      "dev": true,
      "dependencies": {
        "undici-types": "~6.19.8"
      }
    },
    "node_modules/events": {
      "resolved": "../../node_modules/.pnpm/events@3.3.0/node_modules/events",
      "link": true
    },
    "node_modules/hotkeys-js": {
      "resolved": "../../node_modules/.pnpm/hotkeys-js@3.13.7/node_modules/hotkeys-js",
      "link": true
    },
    "node_modules/tapable": {
      "resolved": "../../node_modules/.pnpm/tapable@2.2.1/node_modules/tapable",
      "link": true
    },
    "node_modules/undici-types": {
      "version": "6.19.8",
      "resolved": "https://registry.npmjs.org/undici-types/-/undici-types-6.19.8.tgz",
      "integrity": "sha512-ve2KP6f/JnbPBFyobGHuerC9g1FYGn/F8n1LWTwNxCEzd6IfqTwUQcNXgEtmmQ6DlRrC1hrSrBnCZPokRrDHjw==",
      "dev": true
    }
  }
}
